
Microsoft Visual Studio Solution File, Format Version 12.00
# Visual Studio Version 16
VisualStudioVersion = 16.0.30406.217
MinimumVisualStudioVersion = 10.0.40219.1
Project("{FAE04EC0-301F-11D3-BF4B-00C04F79EFBC}") = "AbyssalDraw", "AbyssalDraw\AbyssalDraw.csproj", "{98CD20C7-BA31-4EA3-8AAB-F6F90D1B82C0}"
EndProject
Project("{FAE04EC0-301F-11D3-BF4B-00C04F79EFBC}") = "AbyssalLib", "AbyssalLib\AbyssalLib.csproj", "{24F6BFA6-C7BD-4916-B734-64FA916B4D7A}"
EndProject
Global
	GlobalSection(SolutionConfigurationPlatforms) = preSolution
		Debug|Any CPU = Debug|Any CPU
		Release|Any CPU = Release|Any CPU
	EndGlobalSection
	GlobalSection(ProjectConfigurationPlatforms) = postSolution
		{98CD20C7-BA31-4EA3-8AAB-F6F90D1B82C0}.Debug|Any CPU.ActiveCfg = Debug|Any CPU
		{98CD20C7-BA31-4EA3-8AAB-F6F90D1B82C0}.Debug|Any CPU.Build.0 = Debug|Any CPU
		{98CD20C7-BA31-4EA3-8AAB-F6F90D1B82C0}.Release|Any CPU.ActiveCfg = Release|Any CPU
		{98CD20C7-BA31-4EA3-8AAB-F6F90D1B82C0}.Release|Any CPU.Build.0 = Release|Any CPU
		{24F6BFA6-C7BD-4916-B734-64FA916B4D7A}.Debug|Any CPU.ActiveCfg = Debug|Any CPU
		{24F6BFA6-C7BD-4916-B734-64FA916B4D7A}.Debug|Any CPU.Build.0 = Debug|Any CPU
		{24F6BFA6-C7BD-4916-B734-64FA916B4D7A}.Release|Any CPU.ActiveCfg = Release|Any CPU
		{24F6BFA6-C7BD-4916-B734-64FA916B4D7A}.Release|Any CPU.Build.0 = Release|Any CPU
	EndGlobalSection
	GlobalSection(SolutionProperties) = preSolution
		HideSolutionNode = FALSE
	EndGlobalSection
	GlobalSection(ExtensibilityGlobals) = postSolution
		SolutionGuid = {290B46B5-14EB-4663-987E-41989D8905AB}
	EndGlobalSection
EndGlobal
